
Microsoft Visual Studio Solution File, Format Version 12.00
# Visual Studio 2012
Project("{FAE04EC0-301F-11D3-BF4B-00C04F79EFBC}") = "WebApplication1", "WebApplication1\WebApplication1.csproj", "{6928A3F8-6262-497C-9D0C-3E18B308C734}"
EndProject
Global
	GlobalSection(SolutionConfigurationPlatforms) = preSolution
		Debug|Any CPU = Debug|Any CPU
		Release|Any CPU = Release|Any CPU
	EndGlobalSection
	GlobalSection(ProjectConfigurationPlatforms) = postSolution
		{6928A3F8-6262-497C-9D0C-3E18B308C734}.Debug|Any CPU.ActiveCfg = Debug|Any CPU
		{6928A3F8-6262-497C-9D0C-3E18B308C734}.Debug|Any CPU.Build.0 = Debug|Any CPU
		{6928A3F8-6262-497C-9D0C-3E18B308C734}.Release|Any CPU.ActiveCfg = Release|Any CPU
		{6928A3F8-6262-497C-9D0C-3E18B308C734}.Release|Any CPU.Build.0 = Release|Any CPU
	EndGlobalSection
	GlobalSection(SolutionProperties) = preSolution
		HideSolutionNode = FALSE
	EndGlobalSection
EndGlobal
