
Microsoft Visual Studio Solution File, Format Version 12.00
# Visual Studio 2012
Project("{FAE04EC0-301F-11D3-BF4B-00C04F79EFBC}") = "CollectionStudy", "CollectionStudy\CollectionStudy.csproj", "{D99863DB-D4F7-4E7E-8BF5-26302F83944C}"
EndProject
Project("{FAE04EC0-301F-11D3-BF4B-00C04F79EFBC}") = "timeTest", "timeTest\timeTest.csproj", "{2623E861-37A0-42B8-AD55-5F9CCC5D5DCB}"
EndProject
Project("{FAE04EC0-301F-11D3-BF4B-00C04F79EFBC}") = "SortTest", "SortTest\SortTest.csproj", "{EE0775FE-FA9C-400F-B236-72D84666CF58}"
EndProject
Project("{FAE04EC0-301F-11D3-BF4B-00C04F79EFBC}") = "StackStudy", "StackStudy\StackStudy.csproj", "{5F15080D-6A4C-4EDB-9764-A32203B08A8C}"
EndProject
Project("{FAE04EC0-301F-11D3-BF4B-00C04F79EFBC}") = "Csstack", "Csstack\Csstack.csproj", "{B3BBDE22-0AB4-4E7F-B4F1-6DB4CE6828F6}"
EndProject
Project("{FAE04EC0-301F-11D3-BF4B-00C04F79EFBC}") = "QueueStudy", "QueueStudy\QueueStudy.csproj", "{B6DCCA27-3E6D-4FB1-B5FE-EE284E88E010}"
EndProject
Global
	GlobalSection(SolutionConfigurationPlatforms) = preSolution
		Debug|Any CPU = Debug|Any CPU
		Release|Any CPU = Release|Any CPU
	EndGlobalSection
	GlobalSection(ProjectConfigurationPlatforms) = postSolution
		{D99863DB-D4F7-4E7E-8BF5-26302F83944C}.Debug|Any CPU.ActiveCfg = Debug|Any CPU
		{D99863DB-D4F7-4E7E-8BF5-26302F83944C}.Debug|Any CPU.Build.0 = Debug|Any CPU
		{D99863DB-D4F7-4E7E-8BF5-26302F83944C}.Release|Any CPU.ActiveCfg = Release|Any CPU
		{D99863DB-D4F7-4E7E-8BF5-26302F83944C}.Release|Any CPU.Build.0 = Release|Any CPU
		{2623E861-37A0-42B8-AD55-5F9CCC5D5DCB}.Debug|Any CPU.ActiveCfg = Debug|Any CPU
		{2623E861-37A0-42B8-AD55-5F9CCC5D5DCB}.Debug|Any CPU.Build.0 = Debug|Any CPU
		{2623E861-37A0-42B8-AD55-5F9CCC5D5DCB}.Release|Any CPU.ActiveCfg = Release|Any CPU
		{2623E861-37A0-42B8-AD55-5F9CCC5D5DCB}.Release|Any CPU.Build.0 = Release|Any CPU
		{EE0775FE-FA9C-400F-B236-72D84666CF58}.Debug|Any CPU.ActiveCfg = Debug|Any CPU
		{EE0775FE-FA9C-400F-B236-72D84666CF58}.Debug|Any CPU.Build.0 = Debug|Any CPU
		{EE0775FE-FA9C-400F-B236-72D84666CF58}.Release|Any CPU.ActiveCfg = Release|Any CPU
		{EE0775FE-FA9C-400F-B236-72D84666CF58}.Release|Any CPU.Build.0 = Release|Any CPU
		{5F15080D-6A4C-4EDB-9764-A32203B08A8C}.Debug|Any CPU.ActiveCfg = Debug|Any CPU
		{5F15080D-6A4C-4EDB-9764-A32203B08A8C}.Debug|Any CPU.Build.0 = Debug|Any CPU
		{5F15080D-6A4C-4EDB-9764-A32203B08A8C}.Release|Any CPU.ActiveCfg = Release|Any CPU
		{5F15080D-6A4C-4EDB-9764-A32203B08A8C}.Release|Any CPU.Build.0 = Release|Any CPU
		{B3BBDE22-0AB4-4E7F-B4F1-6DB4CE6828F6}.Debug|Any CPU.ActiveCfg = Debug|Any CPU
		{B3BBDE22-0AB4-4E7F-B4F1-6DB4CE6828F6}.Debug|Any CPU.Build.0 = Debug|Any CPU
		{B3BBDE22-0AB4-4E7F-B4F1-6DB4CE6828F6}.Release|Any CPU.ActiveCfg = Release|Any CPU
		{B3BBDE22-0AB4-4E7F-B4F1-6DB4CE6828F6}.Release|Any CPU.Build.0 = Release|Any CPU
		{B6DCCA27-3E6D-4FB1-B5FE-EE284E88E010}.Debug|Any CPU.ActiveCfg = Debug|Any CPU
		{B6DCCA27-3E6D-4FB1-B5FE-EE284E88E010}.Debug|Any CPU.Build.0 = Debug|Any CPU
		{B6DCCA27-3E6D-4FB1-B5FE-EE284E88E010}.Release|Any CPU.ActiveCfg = Release|Any CPU
		{B6DCCA27-3E6D-4FB1-B5FE-EE284E88E010}.Release|Any CPU.Build.0 = Release|Any CPU
	EndGlobalSection
	GlobalSection(SolutionProperties) = preSolution
		HideSolutionNode = FALSE
	EndGlobalSection
EndGlobal
