
Microsoft Visual Studio Solution File, Format Version 12.00
# Visual Studio 2012
Project("{FAE04EC0-301F-11D3-BF4B-00C04F79EFBC}") = "CollectionStudy", "CollectionStudy\CollectionStudy.csproj", "{D99863DB-D4F7-4E7E-8BF5-26302F83944C}"
EndProject
Global
	GlobalSection(SolutionConfigurationPlatforms) = preSolution
		Debug|Any CPU = Debug|Any CPU
		Release|Any CPU = Release|Any CPU
	EndGlobalSection
	GlobalSection(ProjectConfigurationPlatforms) = postSolution
		{D99863DB-D4F7-4E7E-8BF5-26302F83944C}.Debug|Any CPU.ActiveCfg = Debug|Any CPU
		{D99863DB-D4F7-4E7E-8BF5-26302F83944C}.Debug|Any CPU.Build.0 = Debug|Any CPU
		{D99863DB-D4F7-4E7E-8BF5-26302F83944C}.Release|Any CPU.ActiveCfg = Release|Any CPU
		{D99863DB-D4F7-4E7E-8BF5-26302F83944C}.Release|Any CPU.Build.0 = Release|Any CPU
	EndGlobalSection
	GlobalSection(SolutionProperties) = preSolution
		HideSolutionNode = FALSE
	EndGlobalSection
EndGlobal
