
Microsoft Visual Studio Solution File, Format Version 12.00
# Visual Studio 2012
Project("{FAE04EC0-301F-11D3-BF4B-00C04F79EFBC}") = "Reptile_mvc", "Reptile_mvc\Reptile_mvc.csproj", "{DD753870-7D9B-4482-ACDB-25E22A223667}"
EndProject
Global
	GlobalSection(SolutionConfigurationPlatforms) = preSolution
		Debug|Any CPU = Debug|Any CPU
		Release|Any CPU = Release|Any CPU
	EndGlobalSection
	GlobalSection(ProjectConfigurationPlatforms) = postSolution
		{DD753870-7D9B-4482-ACDB-25E22A223667}.Debug|Any CPU.ActiveCfg = Debug|Any CPU
		{DD753870-7D9B-4482-ACDB-25E22A223667}.Debug|Any CPU.Build.0 = Debug|Any CPU
		{DD753870-7D9B-4482-ACDB-25E22A223667}.Release|Any CPU.ActiveCfg = Release|Any CPU
		{DD753870-7D9B-4482-ACDB-25E22A223667}.Release|Any CPU.Build.0 = Release|Any CPU
	EndGlobalSection
	GlobalSection(SolutionProperties) = preSolution
		HideSolutionNode = FALSE
	EndGlobalSection
EndGlobal
